// !$*UTF8*$!
{
	archiveVersion = 1;
	classes = {
	};
	objectVersion = 56;
	objects = {

/* Begin PBXBuildFile section */
		4FC2959E29437BD200A7A066 /* MessagingApp.swift in Sources */ = {isa = PBXBuildFile; fileRef = 4FC2959D29437BD200A7A066 /* MessagingApp.swift */; };
		4FC295A029437BD200A7A066 /* ContentView.swift in Sources */ = {isa = PBXBuildFile; fileRef = 4FC2959F29437BD200A7A066 /* ContentView.swift */; };
		4FC295A229437BD400A7A066 /* Assets.xcassets in Resources */ = {isa = PBXBuildFile; fileRef = 4FC295A129437BD400A7A066 /* Assets.xcassets */; };
		4FC295A529437BD400A7A066 /* Preview Assets.xcassets in Resources */ = {isa = PBXBuildFile; fileRef = 4FC295A429437BD400A7A066 /* Preview Assets.xcassets */; };
		4FC295AF29437BD400A7A066 /* MessagingTests.swift in Sources */ = {isa = PBXBuildFile; fileRef = 4FC295AE29437BD400A7A066 /* MessagingTests.swift */; };
		4FC295B929437BD400A7A066 /* MessagingUITests.swift in Sources */ = {isa = PBXBuildFile; fileRef = 4FC295B829437BD400A7A066 /* MessagingUITests.swift */; };
		4FC295BB29437BD400A7A066 /* MessagingUITestsLaunchTests.swift in Sources */ = {isa = PBXBuildFile; fileRef = 4FC295BA29437BD400A7A066 /* MessagingUITestsLaunchTests.swift */; };
/* End PBXBuildFile section */

/* Begin PBXContainerItemProxy section */
		4FC295AB29437BD400A7A066 /* PBXContainerItemProxy */ = {
			isa = PBXContainerItemProxy;
			containerPortal = 4FC2959229437BD200A7A066 /* Project object */;
			proxyType = 1;
			remoteGlobalIDString = 4FC2959929437BD200A7A066;
			remoteInfo = Messaging;
		};
		4FC295B529437BD400A7A066 /* PBXContainerItemProxy */ = {
			isa = PBXContainerItemProxy;
			containerPortal = 4FC2959229437BD200A7A066 /* Project object */;
			proxyType = 1;
			remoteGlobalIDString = 4FC2959929437BD200A7A066;
			remoteInfo = Messaging;
		};
/* End PBXContainerItemProxy section */

/* Begin PBXFileReference section */
		4FC2959A29437BD200A7A066 /* Messaging.app */ = {isa = PBXFileReference; explicitFileType = wrapper.application; includeInIndex = 0; path = Messaging.app; sourceTree = BUILT_PRODUCTS_DIR; };
		4FC2959D29437BD200A7A066 /* MessagingApp.swift */ = {isa = PBXFileReference; lastKnownFileType = sourcecode.swift; path = MessagingApp.swift; sourceTree = "<group>"; };
		4FC2959F29437BD200A7A066 /* ContentView.swift */ = {isa = PBXFileReference; lastKnownFileType = sourcecode.swift; path = ContentView.swift; sourceTree = "<group>"; };
		4FC295A129437BD400A7A066 /* Assets.xcassets */ = {isa = PBXFileReference; lastKnownFileType = folder.assetcatalog; path = Assets.xcassets; sourceTree = "<group>"; };
		4FC295A429437BD400A7A066 /* Preview Assets.xcassets */ = {isa = PBXFileReference; lastKnownFileType = folder.assetcatalog; path = "Preview Assets.xcassets"; sourceTree = "<group>"; };
		4FC295AA29437BD400A7A066 /* MessagingTests.xctest */ = {isa = PBXFileReference; explicitFileType = wrapper.cfbundle; includeInIndex = 0; path = MessagingTests.xctest; sourceTree = BUILT_PRODUCTS_DIR; };
		4FC295AE29437BD400A7A066 /* MessagingTests.swift */ = {isa = PBXFileReference; lastKnownFileType = sourcecode.swift; path = MessagingTests.swift; sourceTree = "<group>"; };
		4FC295B429437BD400A7A066 /* MessagingUITests.xctest */ = {isa = PBXFileReference; explicitFileType = wrapper.cfbundle; includeInIndex = 0; path = MessagingUITests.xctest; sourceTree = BUILT_PRODUCTS_DIR; };
		4FC295B829437BD400A7A066 /* MessagingUITests.swift */ = {isa = PBXFileReference; lastKnownFileType = sourcecode.swift; path = MessagingUITests.swift; sourceTree = "<group>"; };
		4FC295BA29437BD400A7A066 /* MessagingUITestsLaunchTests.swift */ = {isa = PBXFileReference; lastKnownFileType = sourcecode.swift; path = MessagingUITestsLaunchTests.swift; sourceTree = "<group>"; };
/* End PBXFileReference section */

/* Begin PBXFrameworksBuildPhase section */
		4FC2959729437BD200A7A066 /* Frameworks */ = {
			isa = PBXFrameworksBuildPhase;
			buildActionMask = 2147483647;
			files = (
			);
			runOnlyForDeploymentPostprocessing = 0;
		};
		4FC295A729437BD400A7A066 /* Frameworks */ = {
			isa = PBXFrameworksBuildPhase;
			buildActionMask = 2147483647;
			files = (
			);
			runOnlyForDeploymentPostprocessing = 0;
		};
		4FC295B129437BD400A7A066 /* Frameworks */ = {
			isa = PBXFrameworksBuildPhase;
			buildActionMask = 2147483647;
			files = (
			);
			runOnlyForDeploymentPostprocessing = 0;
		};
/* End PBXFrameworksBuildPhase section */

/* Begin PBXGroup section */
		4FC2959129437BD200A7A066 = {
			isa = PBXGroup;
			children = (
				4FC2959C29437BD200A7A066 /* Messaging */,
				4FC295AD29437BD400A7A066 /* MessagingTests */,
				4FC295B729437BD400A7A066 /* MessagingUITests */,
				4FC2959B29437BD200A7A066 /* Products */,
			);
			sourceTree = "<group>";
		};
		4FC2959B29437BD200A7A066 /* Products */ = {
			isa = PBXGroup;
			children = (
				4FC2959A29437BD200A7A066 /* Messaging.app */,
				4FC295AA29437BD400A7A066 /* MessagingTests.xctest */,
				4FC295B429437BD400A7A066 /* MessagingUITests.xctest */,
			);
			name = Products;
			sourceTree = "<group>";
		};
		4FC2959C29437BD200A7A066 /* Messaging */ = {
			isa = PBXGroup;
			children = (
				4FC2959D29437BD200A7A066 /* MessagingApp.swift */,
				4FC2959F29437BD200A7A066 /* ContentView.swift */,
				4FC295A129437BD400A7A066 /* Assets.xcassets */,
				4FC295A329437BD400A7A066 /* Preview Content */,
			);
			path = Messaging;
			sourceTree = "<group>";
		};
		4FC295A329437BD400A7A066 /* Preview Content */ = {
			isa = PBXGroup;
			children = (
				4FC295A429437BD400A7A066 /* Preview Assets.xcassets */,
			);
			path = "Preview Content";
			sourceTree = "<group>";
		};
		4FC295AD29437BD400A7A066 /* MessagingTests */ = {
			isa = PBXGroup;
			children = (
				4FC295AE29437BD400A7A066 /* MessagingTests.swift */,
			);
			path = MessagingTests;
			sourceTree = "<group>";
		};
		4FC295B729437BD400A7A066 /* MessagingUITests */ = {
			isa = PBXGroup;
			children = (
				4FC295B829437BD400A7A066 /* MessagingUITests.swift */,
				4FC295BA29437BD400A7A066 /* MessagingUITestsLaunchTests.swift */,
			);
			path = MessagingUITests;
			sourceTree = "<group>";
		};
/* End PBXGroup section */

/* Begin PBXNativeTarget section */
		4FC2959929437BD200A7A066 /* Messaging */ = {
			isa = PBXNativeTarget;
			buildConfigurationList = 4FC295BE29437BD400A7A066 /* Build configuration list for PBXNativeTarget "Messaging" */;
			buildPhases = (
				4FC2959629437BD200A7A066 /* Sources */,
				4FC2959729437BD200A7A066 /* Frameworks */,
				4FC2959829437BD200A7A066 /* Resources */,
			);
			buildRules = (
			);
			dependencies = (
			);
			name = Messaging;
			productName = Messaging;
			productReference = 4FC2959A29437BD200A7A066 /* Messaging.app */;
			productType = "com.apple.product-type.application";
		};
		4FC295A929437BD400A7A066 /* MessagingTests */ = {
			isa = PBXNativeTarget;
			buildConfigurationList = 4FC295C129437BD400A7A066 /* Build configuration list for PBXNativeTarget "MessagingTests" */;
			buildPhases = (
				4FC295A629437BD400A7A066 /* Sources */,
				4FC295A729437BD400A7A066 /* Frameworks */,
				4FC295A829437BD400A7A066 /* Resources */,
			);
			buildRules = (
			);
			dependencies = (
				4FC295AC29437BD400A7A066 /* PBXTargetDependency */,
			);
			name = MessagingTests;
			productName = MessagingTests;
			productReference = 4FC295AA29437BD400A7A066 /* MessagingTests.xctest */;
			productType = "com.apple.product-type.bundle.unit-test";
		};
		4FC295B329437BD400A7A066 /* MessagingUITests */ = {
			isa = PBXNativeTarget;
			buildConfigurationList = 4FC295C429437BD400A7A066 /* Build configuration list for PBXNativeTarget "MessagingUITests" */;
			buildPhases = (
				4FC295B029437BD400A7A066 /* Sources */,
				4FC295B129437BD400A7A066 /* Frameworks */,
				4FC295B229437BD400A7A066 /* Resources */,
			);
			buildRules = (
			);
			dependencies = (
				4FC295B629437BD400A7A066 /* PBXTargetDependency */,
			);
			name = MessagingUITests;
			productName = MessagingUITests;
			productReference = 4FC295B429437BD400A7A066 /* MessagingUITests.xctest */;
			productType = "com.apple.product-type.bundle.ui-testing";
		};
/* End PBXNativeTarget section */

/* Begin PBXProject section */
		4FC2959229437BD200A7A066 /* Project object */ = {
			isa = PBXProject;
			attributes = {
				BuildIndependentTargetsInParallel = 1;
				LastSwiftUpdateCheck = 1410;
				LastUpgradeCheck = 1410;
				TargetAttributes = {
					4FC2959929437BD200A7A066 = {
						CreatedOnToolsVersion = 14.1;
					};
					4FC295A929437BD400A7A066 = {
						CreatedOnToolsVersion = 14.1;
						TestTargetID = 4FC2959929437BD200A7A066;
					};
					4FC295B329437BD400A7A066 = {
						CreatedOnToolsVersion = 14.1;
						TestTargetID = 4FC2959929437BD200A7A066;
					};
				};
			};
			buildConfigurationList = 4FC2959529437BD200A7A066 /* Build configuration list for PBXProject "Messaging" */;
			compatibilityVersion = "Xcode 14.0";
			developmentRegion = en;
			hasScannedForEncodings = 0;
			knownRegions = (
				en,
				Base,
			);
			mainGroup = 4FC2959129437BD200A7A066;
			packageReferences = (
			);
			productRefGroup = 4FC2959B29437BD200A7A066 /* Products */;
			projectDirPath = "";
			projectRoot = "";
			targets = (
				4FC2959929437BD200A7A066 /* Messaging */,
				4FC295A929437BD400A7A066 /* MessagingTests */,
				4FC295B329437BD400A7A066 /* MessagingUITests */,
			);
		};
/* End PBXProject section */

/* Begin PBXResourcesBuildPhase section */
		4FC2959829437BD200A7A066 /* Resources */ = {
			isa = PBXResourcesBuildPhase;
			buildActionMask = 2147483647;
			files = (
				4FC295A529437BD400A7A066 /* Preview Assets.xcassets in Resources */,
				4FC295A229437BD400A7A066 /* Assets.xcassets in Resources */,
			);
			runOnlyForDeploymentPostprocessing = 0;
		};
		4FC295A829437BD400A7A066 /* Resources */ = {
			isa = PBXResourcesBuildPhase;
			buildActionMask = 2147483647;
			files = (
			);
			runOnlyForDeploymentPostprocessing = 0;
		};
		4FC295B229437BD400A7A066 /* Resources */ = {
			isa = PBXResourcesBuildPhase;
			buildActionMask = 2147483647;
			files = (
			);
			runOnlyForDeploymentPostprocessing = 0;
		};
/* End PBXResourcesBuildPhase section */

/* Begin PBXSourcesBuildPhase section */
		4FC2959629437BD200A7A066 /* Sources */ = {
			isa = PBXSourcesBuildPhase;
			buildActionMask = 2147483647;
			files = (
				4FC295A029437BD200A7A066 /* ContentView.swift in Sources */,
				4FC2959E29437BD200A7A066 /* MessagingApp.swift in Sources */,
			);
			runOnlyForDeploymentPostprocessing = 0;
		};
		4FC295A629437BD400A7A066 /* Sources */ = {
			isa = PBXSourcesBuildPhase;
			buildActionMask = 2147483647;
			files = (
				4FC295AF29437BD400A7A066 /* MessagingTests.swift in Sources */,
			);
			runOnlyForDeploymentPostprocessing = 0;
		};
		4FC295B029437BD400A7A066 /* Sources */ = {
			isa = PBXSourcesBuildPhase;
			buildActionMask = 2147483647;
			files = (
				4FC295B929437BD400A7A066 /* MessagingUITests.swift in Sources */,
				4FC295BB29437BD400A7A066 /* MessagingUITestsLaunchTests.swift in Sources */,
			);
			runOnlyForDeploymentPostprocessing = 0;
		};
/* End PBXSourcesBuildPhase section */

/* Begin PBXTargetDependency section */
		4FC295AC29437BD400A7A066 /* PBXTargetDependency */ = {
			isa = PBXTargetDependency;
			target = 4FC2959929437BD200A7A066 /* Messaging */;
			targetProxy = 4FC295AB29437BD400A7A066 /* PBXContainerItemProxy */;
		};
		4FC295B629437BD400A7A066 /* PBXTargetDependency */ = {
			isa = PBXTargetDependency;
			target = 4FC2959929437BD200A7A066 /* Messaging */;
			targetProxy = 4FC295B529437BD400A7A066 /* PBXContainerItemProxy */;
		};
/* End PBXTargetDependency section */

/* Begin XCBuildConfiguration section */
		4FC295BC29437BD400A7A066 /* Debug */ = {
			isa = XCBuildConfiguration;
			buildSettings = {
				ALWAYS_SEARCH_USER_PATHS = NO;
				CLANG_ANALYZER_NONNULL = YES;
				CLANG_ANALYZER_NUMBER_OBJECT_CONVERSION = YES_AGGRESSIVE;
				CLANG_CXX_LANGUAGE_STANDARD = "gnu++20";
				CLANG_ENABLE_MODULES = YES;
				CLANG_ENABLE_OBJC_ARC = YES;
				CLANG_ENABLE_OBJC_WEAK = YES;
				CLANG_WARN_BLOCK_CAPTURE_AUTORELEASING = YES;
				CLANG_WARN_BOOL_CONVERSION = YES;
				CLANG_WARN_COMMA = YES;
				CLANG_WARN_CONSTANT_CONVERSION = YES;
				CLANG_WARN_DEPRECATED_OBJC_IMPLEMENTATIONS = YES;
				CLANG_WARN_DIRECT_OBJC_ISA_USAGE = YES_ERROR;
				CLANG_WARN_DOCUMENTATION_COMMENTS = YES;
				CLANG_WARN_EMPTY_BODY = YES;
				CLANG_WARN_ENUM_CONVERSION = YES;
				CLANG_WARN_INFINITE_RECURSION = YES;
				CLANG_WARN_INT_CONVERSION = YES;
				CLANG_WARN_NON_LITERAL_NULL_CONVERSION = YES;
				CLANG_WARN_OBJC_IMPLICIT_RETAIN_SELF = YES;
				CLANG_WARN_OBJC_LITERAL_CONVERSION = YES;
				CLANG_WARN_OBJC_ROOT_CLASS = YES_ERROR;
				CLANG_WARN_QUOTED_INCLUDE_IN_FRAMEWORK_HEADER = YES;
				CLANG_WARN_RANGE_LOOP_ANALYSIS = YES;
				CLANG_WARN_STRICT_PROTOTYPES = YES;
				CLANG_WARN_SUSPICIOUS_MOVE = YES;
				CLANG_WARN_UNGUARDED_AVAILABILITY = YES_AGGRESSIVE;
				CLANG_WARN_UNREACHABLE_CODE = YES;
				CLANG_WARN__DUPLICATE_METHOD_MATCH = YES;
				COPY_PHASE_STRIP = NO;
				DEBUG_INFORMATION_FORMAT = dwarf;
				ENABLE_STRICT_OBJC_MSGSEND = YES;
				ENABLE_TESTABILITY = YES;
				GCC_C_LANGUAGE_STANDARD = gnu11;
				GCC_DYNAMIC_NO_PIC = NO;
				GCC_NO_COMMON_BLOCKS = YES;
				GCC_OPTIMIZATION_LEVEL = 0;
				GCC_PREPROCESSOR_DEFINITIONS = (
					"DEBUG=1",
					"$(inherited)",
				);
				GCC_WARN_64_TO_32_BIT_CONVERSION = YES;
				GCC_WARN_ABOUT_RETURN_TYPE = YES_ERROR;
				GCC_WARN_UNDECLARED_SELECTOR = YES;
				GCC_WARN_UNINITIALIZED_AUTOS = YES_AGGRESSIVE;
				GCC_WARN_UNUSED_FUNCTION = YES;
				GCC_WARN_UNUSED_VARIABLE = YES;
				IPHONEOS_DEPLOYMENT_TARGET = 16.1;
				MTL_ENABLE_DEBUG_INFO = INCLUDE_SOURCE;
				MTL_FAST_MATH = YES;
				ONLY_ACTIVE_ARCH = YES;
				SDKROOT = iphoneos;
				SWIFT_ACTIVE_COMPILATION_CONDITIONS = DEBUG;
				SWIFT_OPTIMIZATION_LEVEL = "-Onone";
			};
			name = Debug;
		};
		4FC295BD29437BD400A7A066 /* Release */ = {
			isa = XCBuildConfiguration;
			buildSettings = {
				ALWAYS_SEARCH_USER_PATHS = NO;
				CLANG_ANALYZER_NONNULL = YES;
				CLANG_ANALYZER_NUMBER_OBJECT_CONVERSION = YES_AGGRESSIVE;
				CLANG_CXX_LANGUAGE_STANDARD = "gnu++20";
				CLANG_ENABLE_MODULES = YES;
				CLANG_ENABLE_OBJC_ARC = YES;
				CLANG_ENABLE_OBJC_WEAK = YES;
				CLANG_WARN_BLOCK_CAPTURE_AUTORELEASING = YES;
				CLANG_WARN_BOOL_CONVERSION = YES;
				CLANG_WARN_COMMA = YES;
				CLANG_WARN_CONSTANT_CONVERSION = YES;
				CLANG_WARN_DEPRECATED_OBJC_IMPLEMENTATIONS = YES;
				CLANG_WARN_DIRECT_OBJC_ISA_USAGE = YES_ERROR;
				CLANG_WARN_DOCUMENTATION_COMMENTS = YES;
				CLANG_WARN_EMPTY_BODY = YES;
				CLANG_WARN_ENUM_CONVERSION = YES;
				CLANG_WARN_INFINITE_RECURSION = YES;
				CLANG_WARN_INT_CONVERSION = YES;
				CLANG_WARN_NON_LITERAL_NULL_CONVERSION = YES;
				CLANG_WARN_OBJC_IMPLICIT_RETAIN_SELF = YES;
				CLANG_WARN_OBJC_LITERAL_CONVERSION = YES;
				CLANG_WARN_OBJC_ROOT_CLASS = YES_ERROR;
				CLANG_WARN_QUOTED_INCLUDE_IN_FRAMEWORK_HEADER = YES;
				CLANG_WARN_RANGE_LOOP_ANALYSIS = YES;
				CLANG_WARN_STRICT_PROTOTYPES = YES;
				CLANG_WARN_SUSPICIOUS_MOVE = YES;
				CLANG_WARN_UNGUARDED_AVAILABILITY = YES_AGGRESSIVE;
				CLANG_WARN_UNREACHABLE_CODE = YES;
				CLANG_WARN__DUPLICATE_METHOD_MATCH = YES;
				COPY_PHASE_STRIP = NO;
				DEBUG_INFORMATION_FORMAT = "dwarf-with-dsym";
				ENABLE_NS_ASSERTIONS = NO;
				ENABLE_STRICT_OBJC_MSGSEND = YES;
				GCC_C_LANGUAGE_STANDARD = gnu11;
				GCC_NO_COMMON_BLOCKS = YES;
				GCC_WARN_64_TO_32_BIT_CONVERSION = YES;
				GCC_WARN_ABOUT_RETURN_TYPE = YES_ERROR;
				GCC_WARN_UNDECLARED_SELECTOR = YES;
				GCC_WARN_UNINITIALIZED_AUTOS = YES_AGGRESSIVE;
				GCC_WARN_UNUSED_FUNCTION = YES;
				GCC_WARN_UNUSED_VARIABLE = YES;
				IPHONEOS_DEPLOYMENT_TARGET = 16.1;
				MTL_ENABLE_DEBUG_INFO = NO;
				MTL_FAST_MATH = YES;
				SDKROOT = iphoneos;
				SWIFT_COMPILATION_MODE = wholemodule;
				SWIFT_OPTIMIZATION_LEVEL = "-O";
				VALIDATE_PRODUCT = YES;
			};
			name = Release;
		};
		4FC295BF29437BD400A7A066 /* Debug */ = {
			isa = XCBuildConfiguration;
			buildSettings = {
				ASSETCATALOG_COMPILER_APPICON_NAME = AppIcon;
				ASSETCATALOG_COMPILER_GLOBAL_ACCENT_COLOR_NAME = AccentColor;
				CODE_SIGN_STYLE = Automatic;
				CURRENT_PROJECT_VERSION = 1;
				DEVELOPMENT_ASSET_PATHS = "\"Messaging/Preview Content\"";
				DEVELOPMENT_TEAM = PMZ9CDRL54;
				ENABLE_PREVIEWS = YES;
				GENERATE_INFOPLIST_FILE = YES;
				INFOPLIST_KEY_UIApplicationSceneManifest_Generation = YES;
				INFOPLIST_KEY_UIApplicationSupportsIndirectInputEvents = YES;
				INFOPLIST_KEY_UILaunchScreen_Generation = YES;
				INFOPLIST_KEY_UISupportedInterfaceOrientations_iPad = "UIInterfaceOrientationPortrait UIInterfaceOrientationPortraitUpsideDown UIInterfaceOrientationLandscapeLeft UIInterfaceOrientationLandscapeRight";
				INFOPLIST_KEY_UISupportedInterfaceOrientations_iPhone = "UIInterfaceOrientationPortrait UIInterfaceOrientationLandscapeLeft UIInterfaceOrientationLandscapeRight";
				LD_RUNPATH_SEARCH_PATHS = (
					"$(inherited)",
					"@executable_path/Frameworks",
				);
				MARKETING_VERSION = 1.0;
				PRODUCT_BUNDLE_IDENTIFIER = amerexia.Messaging;
				PRODUCT_NAME = "$(TARGET_NAME)";
				SWIFT_EMIT_LOC_STRINGS = YES;
				SWIFT_VERSION = 5.0;
				TARGETED_DEVICE_FAMILY = "1,2";
			};
			name = Debug;
		};
		4FC295C029437BD400A7A066 /* Release */ = {
			isa = XCBuildConfiguration;
			buildSettings = {
				ASSETCATALOG_COMPILER_APPICON_NAME = AppIcon;
				ASSETCATALOG_COMPILER_GLOBAL_ACCENT_COLOR_NAME = AccentColor;
				CODE_SIGN_STYLE = Automatic;
				CURRENT_PROJECT_VERSION = 1;
				DEVELOPMENT_ASSET_PATHS = "\"Messaging/Preview Content\"";
				DEVELOPMENT_TEAM = PMZ9CDRL54;
				ENABLE_PREVIEWS = YES;
				GENERATE_INFOPLIST_FILE = YES;
				INFOPLIST_KEY_UIApplicationSceneManifest_Generation = YES;
				INFOPLIST_KEY_UIApplicationSupportsIndirectInputEvents = YES;
				INFOPLIST_KEY_UILaunchScreen_Generation = YES;
				INFOPLIST_KEY_UISupportedInterfaceOrientations_iPad = "UIInterfaceOrientationPortrait UIInterfaceOrientationPortraitUpsideDown UIInterfaceOrientationLandscapeLeft UIInterfaceOrientationLandscapeRight";
				INFOPLIST_KEY_UISupportedInterfaceOrientations_iPhone = "UIInterfaceOrientationPortrait UIInterfaceOrientationLandscapeLeft UIInterfaceOrientationLandscapeRight";
				LD_RUNPATH_SEARCH_PATHS = (
					"$(inherited)",
					"@executable_path/Frameworks",
				);
				MARKETING_VERSION = 1.0;
				PRODUCT_BUNDLE_IDENTIFIER = amerexia.Messaging;
				PRODUCT_NAME = "$(TARGET_NAME)";
				SWIFT_EMIT_LOC_STRINGS = YES;
				SWIFT_VERSION = 5.0;
				TARGETED_DEVICE_FAMILY = "1,2";
			};
			name = Release;
		};
		4FC295C229437BD400A7A066 /* Debug */ = {
			isa = XCBuildConfiguration;
			buildSettings = {
				ALWAYS_EMBED_SWIFT_STANDARD_LIBRARIES = YES;
				BUNDLE_LOADER = "$(TEST_HOST)";
				CODE_SIGN_STYLE = Automatic;
				CURRENT_PROJECT_VERSION = 1;
				DEVELOPMENT_TEAM = PMZ9CDRL54;
				GENERATE_INFOPLIST_FILE = YES;
				IPHONEOS_DEPLOYMENT_TARGET = 16.1;
				MARKETING_VERSION = 1.0;
				PRODUCT_BUNDLE_IDENTIFIER = amerexia.MessagingTests;
				PRODUCT_NAME = "$(TARGET_NAME)";
				SWIFT_EMIT_LOC_STRINGS = NO;
				SWIFT_VERSION = 5.0;
				TARGETED_DEVICE_FAMILY = "1,2";
				TEST_HOST = "$(BUILT_PRODUCTS_DIR)/Messaging.app/$(BUNDLE_EXECUTABLE_FOLDER_PATH)/Messaging";
			};
			name = Debug;
		};
		4FC295C329437BD400A7A066 /* Release */ = {
			isa = XCBuildConfiguration;
			buildSettings = {
				ALWAYS_EMBED_SWIFT_STANDARD_LIBRARIES = YES;
				BUNDLE_LOADER = "$(TEST_HOST)";
				CODE_SIGN_STYLE = Automatic;
				CURRENT_PROJECT_VERSION = 1;
				DEVELOPMENT_TEAM = PMZ9CDRL54;
				GENERATE_INFOPLIST_FILE = YES;
				IPHONEOS_DEPLOYMENT_TARGET = 16.1;
				MARKETING_VERSION = 1.0;
				PRODUCT_BUNDLE_IDENTIFIER = amerexia.MessagingTests;
				PRODUCT_NAME = "$(TARGET_NAME)";
				SWIFT_EMIT_LOC_STRINGS = NO;
				SWIFT_VERSION = 5.0;
				TARGETED_DEVICE_FAMILY = "1,2";
				TEST_HOST = "$(BUILT_PRODUCTS_DIR)/Messaging.app/$(BUNDLE_EXECUTABLE_FOLDER_PATH)/Messaging";
			};
			name = Release;
		};
		4FC295C529437BD400A7A066 /* Debug */ = {
			isa = XCBuildConfiguration;
			buildSettings = {
				ALWAYS_EMBED_SWIFT_STANDARD_LIBRARIES = YES;
				CODE_SIGN_STYLE = Automatic;
				CURRENT_PROJECT_VERSION = 1;
				DEVELOPMENT_TEAM = PMZ9CDRL54;
				GENERATE_INFOPLIST_FILE = YES;
				MARKETING_VERSION = 1.0;
				PRODUCT_BUNDLE_IDENTIFIER = amerexia.MessagingUITests;
				PRODUCT_NAME = "$(TARGET_NAME)";
				SWIFT_EMIT_LOC_STRINGS = NO;
				SWIFT_VERSION = 5.0;
				TARGETED_DEVICE_FAMILY = "1,2";
				TEST_TARGET_NAME = Messaging;
			};
			name = Debug;
		};
		4FC295C629437BD400A7A066 /* Release */ = {
			isa = XCBuildConfiguration;
			buildSettings = {
				ALWAYS_EMBED_SWIFT_STANDARD_LIBRARIES = YES;
				CODE_SIGN_STYLE = Automatic;
				CURRENT_PROJECT_VERSION = 1;
				DEVELOPMENT_TEAM = PMZ9CDRL54;
				GENERATE_INFOPLIST_FILE = YES;
				MARKETING_VERSION = 1.0;
				PRODUCT_BUNDLE_IDENTIFIER = amerexia.MessagingUITests;
				PRODUCT_NAME = "$(TARGET_NAME)";
				SWIFT_EMIT_LOC_STRINGS = NO;
				SWIFT_VERSION = 5.0;
				TARGETED_DEVICE_FAMILY = "1,2";
				TEST_TARGET_NAME = Messaging;
			};
			name = Release;
		};
/* End XCBuildConfiguration section */

/* Begin XCConfigurationList section */
		4FC2959529437BD200A7A066 /* Build configuration list for PBXProject "Messaging" */ = {
			isa = XCConfigurationList;
			buildConfigurations = (
				4FC295BC29437BD400A7A066 /* Debug */,
				4FC295BD29437BD400A7A066 /* Release */,
			);
			defaultConfigurationIsVisible = 0;
			defaultConfigurationName = Release;
		};
		4FC295BE29437BD400A7A066 /* Build configuration list for PBXNativeTarget "Messaging" */ = {
			isa = XCConfigurationList;
			buildConfigurations = (
				4FC295BF29437BD400A7A066 /* Debug */,
				4FC295C029437BD400A7A066 /* Release */,
			);
			defaultConfigurationIsVisible = 0;
			defaultConfigurationName = Release;
		};
		4FC295C129437BD400A7A066 /* Build configuration list for PBXNativeTarget "MessagingTests" */ = {
			isa = XCConfigurationList;
			buildConfigurations = (
				4FC295C229437BD400A7A066 /* Debug */,
				4FC295C329437BD400A7A066 /* Release */,
			);
			defaultConfigurationIsVisible = 0;
			defaultConfigurationName = Release;
		};
		4FC295C429437BD400A7A066 /* Build configuration list for PBXNativeTarget "MessagingUITests" */ = {
			isa = XCConfigurationList;
			buildConfigurations = (
				4FC295C529437BD400A7A066 /* Debug */,
				4FC295C629437BD400A7A066 /* Release */,
			);
			defaultConfigurationIsVisible = 0;
			defaultConfigurationName = Release;
		};
/* End XCConfigurationList section */
	};
	rootObject = 4FC2959229437BD200A7A066 /* Project object */;
}
